
Microsoft Visual Studio Solution File, Format Version 12.00
# Visual Studio Version 17
VisualStudioVersion = 17.3.32929.385
MinimumVisualStudioVersion = 10.0.40219.1
Project("{2150E333-8FDC-42A3-9474-1A3956D46DE8}") = "1 - Aplication", "1 - Aplication", "{8CBFB6E6-5F71-43B9-9944-2C64811A5D02}"
EndProject
Project("{2150E333-8FDC-42A3-9474-1A3956D46DE8}") = "2 - Domain", "2 - Domain", "{08895873-30A4-4847-A83C-B58313023968}"
EndProject
Project("{2150E333-8FDC-42A3-9474-1A3956D46DE8}") = "3 - Service", "3 - Service", "{E8BF7E61-E324-41B8-81C3-CB11ADDDEB38}"
EndProject
Project("{2150E333-8FDC-42A3-9474-1A3956D46DE8}") = "4 - Infra", "4 - Infra", "{CE75FA9E-9B40-4249-B7E3-A28D3C331E36}"
EndProject
Project("{2150E333-8FDC-42A3-9474-1A3956D46DE8}") = "4.1 - Data", "4.1 - Data", "{FC75CF6A-312D-4F04-A3DE-CE1B3D4ABDEA}"
EndProject
Project("{FAE04EC0-301F-11D3-BF4B-00C04F79EFBC}") = "Treinamentos.Api", "src\Treinamentos.Api\Treinamentos.Api.csproj", "{F1E04D44-6B71-4DAB-B74D-1DC01A4DC503}"
EndProject
Project("{FAE04EC0-301F-11D3-BF4B-00C04F79EFBC}") = "Treinamentos.MVC", "Treinamentos.MVC\Treinamentos.MVC.csproj", "{595E288E-D972-40ED-8B77-D8FDADC70404}"
EndProject
Project("{FAE04EC0-301F-11D3-BF4B-00C04F79EFBC}") = "Treinamentos.Domain", "Treinamentos.Domain\Treinamentos.Domain.csproj", "{044BB685-2622-4F92-94B0-B12078EA11BB}"
EndProject
Project("{FAE04EC0-301F-11D3-BF4B-00C04F79EFBC}") = "Treinamentos.Service", "Treinamentos.Service\Treinamentos.Service.csproj", "{2B8B7A13-BFDF-4CD9-BA84-8CF4B271175C}"
EndProject
Project("{FAE04EC0-301F-11D3-BF4B-00C04F79EFBC}") = "Treinamentos.Data", "Treinamentos.Data\Treinamentos.Data.csproj", "{6818D95A-58D3-4092-8205-1BD17E41F657}"
EndProject
Global
	GlobalSection(SolutionConfigurationPlatforms) = preSolution
		Debug|Any CPU = Debug|Any CPU
		Release|Any CPU = Release|Any CPU
	EndGlobalSection
	GlobalSection(ProjectConfigurationPlatforms) = postSolution
		{F1E04D44-6B71-4DAB-B74D-1DC01A4DC503}.Debug|Any CPU.ActiveCfg = Debug|Any CPU
		{F1E04D44-6B71-4DAB-B74D-1DC01A4DC503}.Debug|Any CPU.Build.0 = Debug|Any CPU
		{F1E04D44-6B71-4DAB-B74D-1DC01A4DC503}.Release|Any CPU.ActiveCfg = Release|Any CPU
		{F1E04D44-6B71-4DAB-B74D-1DC01A4DC503}.Release|Any CPU.Build.0 = Release|Any CPU
		{595E288E-D972-40ED-8B77-D8FDADC70404}.Debug|Any CPU.ActiveCfg = Debug|Any CPU
		{595E288E-D972-40ED-8B77-D8FDADC70404}.Debug|Any CPU.Build.0 = Debug|Any CPU
		{595E288E-D972-40ED-8B77-D8FDADC70404}.Release|Any CPU.ActiveCfg = Release|Any CPU
		{595E288E-D972-40ED-8B77-D8FDADC70404}.Release|Any CPU.Build.0 = Release|Any CPU
		{044BB685-2622-4F92-94B0-B12078EA11BB}.Debug|Any CPU.ActiveCfg = Debug|Any CPU
		{044BB685-2622-4F92-94B0-B12078EA11BB}.Debug|Any CPU.Build.0 = Debug|Any CPU
		{044BB685-2622-4F92-94B0-B12078EA11BB}.Release|Any CPU.ActiveCfg = Release|Any CPU
		{044BB685-2622-4F92-94B0-B12078EA11BB}.Release|Any CPU.Build.0 = Release|Any CPU
		{2B8B7A13-BFDF-4CD9-BA84-8CF4B271175C}.Debug|Any CPU.ActiveCfg = Debug|Any CPU
		{2B8B7A13-BFDF-4CD9-BA84-8CF4B271175C}.Debug|Any CPU.Build.0 = Debug|Any CPU
		{2B8B7A13-BFDF-4CD9-BA84-8CF4B271175C}.Release|Any CPU.ActiveCfg = Release|Any CPU
		{2B8B7A13-BFDF-4CD9-BA84-8CF4B271175C}.Release|Any CPU.Build.0 = Release|Any CPU
		{6818D95A-58D3-4092-8205-1BD17E41F657}.Debug|Any CPU.ActiveCfg = Debug|Any CPU
		{6818D95A-58D3-4092-8205-1BD17E41F657}.Debug|Any CPU.Build.0 = Debug|Any CPU
		{6818D95A-58D3-4092-8205-1BD17E41F657}.Release|Any CPU.ActiveCfg = Release|Any CPU
		{6818D95A-58D3-4092-8205-1BD17E41F657}.Release|Any CPU.Build.0 = Release|Any CPU
	EndGlobalSection
	GlobalSection(SolutionProperties) = preSolution
		HideSolutionNode = FALSE
	EndGlobalSection
	GlobalSection(NestedProjects) = preSolution
		{FC75CF6A-312D-4F04-A3DE-CE1B3D4ABDEA} = {CE75FA9E-9B40-4249-B7E3-A28D3C331E36}
		{F1E04D44-6B71-4DAB-B74D-1DC01A4DC503} = {8CBFB6E6-5F71-43B9-9944-2C64811A5D02}
		{595E288E-D972-40ED-8B77-D8FDADC70404} = {8CBFB6E6-5F71-43B9-9944-2C64811A5D02}
		{044BB685-2622-4F92-94B0-B12078EA11BB} = {08895873-30A4-4847-A83C-B58313023968}
		{2B8B7A13-BFDF-4CD9-BA84-8CF4B271175C} = {E8BF7E61-E324-41B8-81C3-CB11ADDDEB38}
		{6818D95A-58D3-4092-8205-1BD17E41F657} = {FC75CF6A-312D-4F04-A3DE-CE1B3D4ABDEA}
	EndGlobalSection
	GlobalSection(ExtensibilityGlobals) = postSolution
		SolutionGuid = {A923C3B1-B26E-459D-8485-E36366486605}
	EndGlobalSection
EndGlobal
